
Microsoft Visual Studio Solution File, Format Version 12.00
# Visual Studio Version 16
VisualStudioVersion = 16.0.29613.14
MinimumVisualStudioVersion = 10.0.40219.1
Project("{FAE04EC0-301F-11D3-BF4B-00C04F79EFBC}") = "GitBrainsBlogApi", "GitBrainsBlogApi.csproj", "{8F352EB6-5EA6-4E13-A6CD-7DCE82089DF7}"
EndProject
Global
	GlobalSection(SolutionConfigurationPlatforms) = preSolution
		Debug|Any CPU = Debug|Any CPU
		Release|Any CPU = Release|Any CPU
	EndGlobalSection
	GlobalSection(ProjectConfigurationPlatforms) = postSolution
		{8F352EB6-5EA6-4E13-A6CD-7DCE82089DF7}.Debug|Any CPU.ActiveCfg = Debug|Any CPU
		{8F352EB6-5EA6-4E13-A6CD-7DCE82089DF7}.Debug|Any CPU.Build.0 = Debug|Any CPU
		{8F352EB6-5EA6-4E13-A6CD-7DCE82089DF7}.Release|Any CPU.ActiveCfg = Release|Any CPU
		{8F352EB6-5EA6-4E13-A6CD-7DCE82089DF7}.Release|Any CPU.Build.0 = Release|Any CPU
	EndGlobalSection
	GlobalSection(SolutionProperties) = preSolution
		HideSolutionNode = FALSE
	EndGlobalSection
	GlobalSection(ExtensibilityGlobals) = postSolution
		SolutionGuid = {1DFA1146-2B66-45CC-A3FB-B66F485CC2C4}
	EndGlobalSection
EndGlobal
